
Microsoft Visual Studio Solution File, Format Version 12.00
# Visual Studio Version 17
VisualStudioVersion = 17.0.31903.59
MinimumVisualStudioVersion = 10.0.40219.1
Project("{2150E333-8FDC-42A3-9474-1A3956D46DE8}") = "shop", "shop", "{401E3646-EA1B-40EE-A23B-DD770B2D2AB8}"
EndProject
Project("{FAE04EC0-301F-11D3-BF4B-00C04F79EFBC}") = "Shop.Domain", "shop\Shop.Domain\Shop.Domain.csproj", "{89ABF66B-17CB-4130-8B4B-FDF9E5931706}"
EndProject
Project("{FAE04EC0-301F-11D3-BF4B-00C04F79EFBC}") = "Shop.Application", "shop\Shop.Application\Shop.Application.csproj", "{FB2D059F-ABC5-45E2-8EBD-EFB6BA542AD1}"
EndProject
Project("{FAE04EC0-301F-11D3-BF4B-00C04F79EFBC}") = "Shop.Infrastructure", "shop\Shop.Infrastructure\Shop.Infrastructure.csproj", "{81BA621B-D1AD-4A73-BB3C-55813357A23F}"
EndProject
Project("{FAE04EC0-301F-11D3-BF4B-00C04F79EFBC}") = "Shop.Query", "shop\Shop.Query\Shop.Query.csproj", "{E5D3C8B8-DF0C-476F-867E-3B0825B70354}"
EndProject
Project("{FAE04EC0-301F-11D3-BF4B-00C04F79EFBC}") = "Shop.Presentation.Facade", "shop\Shop.Presentation.Facade\Shop.Presentation.Facade.csproj", "{C47460CE-A62D-413E-B243-8BD3EBECC9B4}"
EndProject
Global
	GlobalSection(SolutionConfigurationPlatforms) = preSolution
		Debug|Any CPU = Debug|Any CPU
		Release|Any CPU = Release|Any CPU
	EndGlobalSection
	GlobalSection(ProjectConfigurationPlatforms) = postSolution
		{89ABF66B-17CB-4130-8B4B-FDF9E5931706}.Debug|Any CPU.ActiveCfg = Debug|Any CPU
		{89ABF66B-17CB-4130-8B4B-FDF9E5931706}.Debug|Any CPU.Build.0 = Debug|Any CPU
		{89ABF66B-17CB-4130-8B4B-FDF9E5931706}.Release|Any CPU.ActiveCfg = Release|Any CPU
		{89ABF66B-17CB-4130-8B4B-FDF9E5931706}.Release|Any CPU.Build.0 = Release|Any CPU
		{FB2D059F-ABC5-45E2-8EBD-EFB6BA542AD1}.Debug|Any CPU.ActiveCfg = Debug|Any CPU
		{FB2D059F-ABC5-45E2-8EBD-EFB6BA542AD1}.Debug|Any CPU.Build.0 = Debug|Any CPU
		{FB2D059F-ABC5-45E2-8EBD-EFB6BA542AD1}.Release|Any CPU.ActiveCfg = Release|Any CPU
		{FB2D059F-ABC5-45E2-8EBD-EFB6BA542AD1}.Release|Any CPU.Build.0 = Release|Any CPU
		{81BA621B-D1AD-4A73-BB3C-55813357A23F}.Debug|Any CPU.ActiveCfg = Debug|Any CPU
		{81BA621B-D1AD-4A73-BB3C-55813357A23F}.Debug|Any CPU.Build.0 = Debug|Any CPU
		{81BA621B-D1AD-4A73-BB3C-55813357A23F}.Release|Any CPU.ActiveCfg = Release|Any CPU
		{81BA621B-D1AD-4A73-BB3C-55813357A23F}.Release|Any CPU.Build.0 = Release|Any CPU
		{E5D3C8B8-DF0C-476F-867E-3B0825B70354}.Debug|Any CPU.ActiveCfg = Debug|Any CPU
		{E5D3C8B8-DF0C-476F-867E-3B0825B70354}.Debug|Any CPU.Build.0 = Debug|Any CPU
		{E5D3C8B8-DF0C-476F-867E-3B0825B70354}.Release|Any CPU.ActiveCfg = Release|Any CPU
		{E5D3C8B8-DF0C-476F-867E-3B0825B70354}.Release|Any CPU.Build.0 = Release|Any CPU
		{C47460CE-A62D-413E-B243-8BD3EBECC9B4}.Debug|Any CPU.ActiveCfg = Debug|Any CPU
		{C47460CE-A62D-413E-B243-8BD3EBECC9B4}.Debug|Any CPU.Build.0 = Debug|Any CPU
		{C47460CE-A62D-413E-B243-8BD3EBECC9B4}.Release|Any CPU.ActiveCfg = Release|Any CPU
		{C47460CE-A62D-413E-B243-8BD3EBECC9B4}.Release|Any CPU.Build.0 = Release|Any CPU
	EndGlobalSection
	GlobalSection(SolutionProperties) = preSolution
		HideSolutionNode = FALSE
	EndGlobalSection
	GlobalSection(NestedProjects) = preSolution
		{89ABF66B-17CB-4130-8B4B-FDF9E5931706} = {401E3646-EA1B-40EE-A23B-DD770B2D2AB8}
		{FB2D059F-ABC5-45E2-8EBD-EFB6BA542AD1} = {401E3646-EA1B-40EE-A23B-DD770B2D2AB8}
		{81BA621B-D1AD-4A73-BB3C-55813357A23F} = {401E3646-EA1B-40EE-A23B-DD770B2D2AB8}
		{E5D3C8B8-DF0C-476F-867E-3B0825B70354} = {401E3646-EA1B-40EE-A23B-DD770B2D2AB8}
		{C47460CE-A62D-413E-B243-8BD3EBECC9B4} = {401E3646-EA1B-40EE-A23B-DD770B2D2AB8}
	EndGlobalSection
EndGlobal
